# This file is automatically @generated by Cargo.
# It is not intended for manual editing.
version = 4

[[package]]
name = "karsus_ui_backend"
version = "0.1.0"
dependencies = [
 "lcdhat",
]

[[package]]
name = "lcdhat"
version = "0.1.0"
dependencies = [
 "lcdhat-sys",
]

[[package]]
name = "lcdhat-sys"
version = "0.1.0"
